// !$*UTF8*$!
{
	archiveVersion = 1;
	classes = {
	};
	objectVersion = 46;
	objects = {

/* Begin PBXBuildFile section */
		570C3CEE1B9F9A1700A1BDA6 /* main.cpp in Sources */ = {isa = PBXBuildFile; fileRef = 570C3CED1B9F9A1700A1BDA6 /* main.cpp */; };
/* End PBXBuildFile section */

/* Begin PBXCopyFilesBuildPhase section */
		570C3CE81B9F9A1700A1BDA6 /* CopyFiles */ = {
			isa = PBXCopyFilesBuildPhase;
			buildActionMask = 2147483647;
			dstPath = /usr/share/man/man1/;
			dstSubfolderSpec = 0;
			files = (
			);
			runOnlyForDeploymentPostprocessing = 1;
		};
/* End PBXCopyFilesBuildPhase section */

/* Begin PBXFileReference section */
		570C3CEA1B9F9A1700A1BDA6 /* ee569_hw1_p1.3 */ = {isa = PBXFileReference; explicitFileType = "compiled.mach-o.executable"; includeInIndex = 0; path = ee569_hw1_p1.3; sourceTree = BUILT_PRODUCTS_DIR; };
		570C3CED1B9F9A1700A1BDA6 /* main.cpp */ = {isa = PBXFileReference; lastKnownFileType = sourcecode.cpp.cpp; path = main.cpp; sourceTree = "<group>"; };
/* End PBXFileReference section */

/* Begin PBXFrameworksBuildPhase section */
		570C3CE71B9F9A1700A1BDA6 /* Frameworks */ = {
			isa = PBXFrameworksBuildPhase;
			buildActionMask = 2147483647;
			files = (
			);
			runOnlyForDeploymentPostprocessing = 0;
		};
/* End PBXFrameworksBuildPhase section */

/* Begin PBXGroup section */
		570C3CE11B9F9A1700A1BDA6 = {
			isa = PBXGroup;
			children = (
				570C3CEC1B9F9A1700A1BDA6 /* ee569_hw1_p1.3 */,
				570C3CEB1B9F9A1700A1BDA6 /* Products */,
			);
			sourceTree = "<group>";
		};
		570C3CEB1B9F9A1700A1BDA6 /* Products */ = {
			isa = PBXGroup;
			children = (
				570C3CEA1B9F9A1700A1BDA6 /* ee569_hw1_p1.3 */,
			);
			name = Products;
			sourceTree = "<group>";
		};
		570C3CEC1B9F9A1700A1BDA6 /* ee569_hw1_p1.3 */ = {
			isa = PBXGroup;
			children = (
				570C3CED1B9F9A1700A1BDA6 /* main.cpp */,
			);
			path = ee569_hw1_p1.3;
			sourceTree = "<group>";
		};
/* End PBXGroup section */

/* Begin PBXNativeTarget section */
		570C3CE91B9F9A1700A1BDA6 /* ee569_hw1_p1.3 */ = {
			isa = PBXNativeTarget;
			buildConfigurationList = 570C3CF11B9F9A1700A1BDA6 /* Build configuration list for PBXNativeTarget "ee569_hw1_p1.3" */;
			buildPhases = (
				570C3CE61B9F9A1700A1BDA6 /* Sources */,
				570C3CE71B9F9A1700A1BDA6 /* Frameworks */,
				570C3CE81B9F9A1700A1BDA6 /* CopyFiles */,
			);
			buildRules = (
			);
			dependencies = (
			);
			name = ee569_hw1_p1.3;
			productName = ee569_hw1_p1.3;
			productReference = 570C3CEA1B9F9A1700A1BDA6 /* ee569_hw1_p1.3 */;
			productType = "com.apple.product-type.tool";
		};
/* End PBXNativeTarget section */

/* Begin PBXProject section */
		570C3CE21B9F9A1700A1BDA6 /* Project object */ = {
			isa = PBXProject;
			attributes = {
				LastUpgradeCheck = 0620;
				ORGANIZATIONNAME = USC;
				TargetAttributes = {
					570C3CE91B9F9A1700A1BDA6 = {
						CreatedOnToolsVersion = 6.2;
					};
				};
			};
			buildConfigurationList = 570C3CE51B9F9A1700A1BDA6 /* Build configuration list for PBXProject "ee569_hw1_p1.3" */;
			compatibilityVersion = "Xcode 3.2";
			developmentRegion = English;
			hasScannedForEncodings = 0;
			knownRegions = (
				en,
			);
			mainGroup = 570C3CE11B9F9A1700A1BDA6;
			productRefGroup = 570C3CEB1B9F9A1700A1BDA6 /* Products */;
			projectDirPath = "";
			projectRoot = "";
			targets = (
				570C3CE91B9F9A1700A1BDA6 /* ee569_hw1_p1.3 */,
			);
		};
/* End PBXProject section */

/* Begin PBXSourcesBuildPhase section */
		570C3CE61B9F9A1700A1BDA6 /* Sources */ = {
			isa = PBXSourcesBuildPhase;
			buildActionMask = 2147483647;
			files = (
				570C3CEE1B9F9A1700A1BDA6 /* main.cpp in Sources */,
			);
			runOnlyForDeploymentPostprocessing = 0;
		};
/* End PBXSourcesBuildPhase section */

/* Begin XCBuildConfiguration section */
		570C3CEF1B9F9A1700A1BDA6 /* Debug */ = {
			isa = XCBuildConfiguration;
			buildSettings = {
				ALWAYS_SEARCH_USER_PATHS = NO;
				CLANG_CXX_LANGUAGE_STANDARD = "gnu++0x";
				CLANG_CXX_LIBRARY = "libc++";
				CLANG_ENABLE_MODULES = YES;
				CLANG_ENABLE_OBJC_ARC = YES;
				CLANG_WARN_BOOL_CONVERSION = YES;
				CLANG_WARN_CONSTANT_CONVERSION = YES;
				CLANG_WARN_DIRECT_OBJC_ISA_USAGE = YES_ERROR;
				CLANG_WARN_EMPTY_BODY = YES;
				CLANG_WARN_ENUM_CONVERSION = YES;
				CLANG_WARN_INT_CONVERSION = YES;
				CLANG_WARN_OBJC_ROOT_CLASS = YES_ERROR;
				CLANG_WARN_UNREACHABLE_CODE = YES;
				CLANG_WARN__DUPLICATE_METHOD_MATCH = YES;
				COPY_PHASE_STRIP = NO;
				ENABLE_STRICT_OBJC_MSGSEND = YES;
				GCC_C_LANGUAGE_STANDARD = gnu99;
				GCC_DYNAMIC_NO_PIC = NO;
				GCC_OPTIMIZATION_LEVEL = 0;
				GCC_PREPROCESSOR_DEFINITIONS = (
					"DEBUG=1",
					"$(inherited)",
				);
				GCC_SYMBOLS_PRIVATE_EXTERN = NO;
				GCC_WARN_64_TO_32_BIT_CONVERSION = YES;
				GCC_WARN_ABOUT_RETURN_TYPE = YES_ERROR;
				GCC_WARN_UNDECLARED_SELECTOR = YES;
				GCC_WARN_UNINITIALIZED_AUTOS = YES_AGGRESSIVE;
				GCC_WARN_UNUSED_FUNCTION = YES;
				GCC_WARN_UNUSED_VARIABLE = YES;
				MACOSX_DEPLOYMENT_TARGET = 10.9;
				MTL_ENABLE_DEBUG_INFO = YES;
				ONLY_ACTIVE_ARCH = YES;
				SDKROOT = macosx;
			};
			name = Debug;
		};
		570C3CF01B9F9A1700A1BDA6 /* Release */ = {
			isa = XCBuildConfiguration;
			buildSettings = {
				ALWAYS_SEARCH_USER_PATHS = NO;
				CLANG_CXX_LANGUAGE_STANDARD = "gnu++0x";
				CLANG_CXX_LIBRARY = "libc++";
				CLANG_ENABLE_MODULES = YES;
				CLANG_ENABLE_OBJC_ARC = YES;
				CLANG_WARN_BOOL_CONVERSION = YES;
				CLANG_WARN_CONSTANT_CONVERSION = YES;
				CLANG_WARN_DIRECT_OBJC_ISA_USAGE = YES_ERROR;
				CLANG_WARN_EMPTY_BODY = YES;
				CLANG_WARN_ENUM_CONVERSION = YES;
				CLANG_WARN_INT_CONVERSION = YES;
				CLANG_WARN_OBJC_ROOT_CLASS = YES_ERROR;
				CLANG_WARN_UNREACHABLE_CODE = YES;
				CLANG_WARN__DUPLICATE_METHOD_MATCH = YES;
				COPY_PHASE_STRIP = NO;
				DEBUG_INFORMATION_FORMAT = "dwarf-with-dsym";
				ENABLE_NS_ASSERTIONS = NO;
				ENABLE_STRICT_OBJC_MSGSEND = YES;
				GCC_C_LANGUAGE_STANDARD = gnu99;
				GCC_WARN_64_TO_32_BIT_CONVERSION = YES;
				GCC_WARN_ABOUT_RETURN_TYPE = YES_ERROR;
				GCC_WARN_UNDECLARED_SELECTOR = YES;
				GCC_WARN_UNINITIALIZED_AUTOS = YES_AGGRESSIVE;
				GCC_WARN_UNUSED_FUNCTION = YES;
				GCC_WARN_UNUSED_VARIABLE = YES;
				MACOSX_DEPLOYMENT_TARGET = 10.9;
				MTL_ENABLE_DEBUG_INFO = NO;
				SDKROOT = macosx;
			};
			name = Release;
		};
		570C3CF21B9F9A1700A1BDA6 /* Debug */ = {
			isa = XCBuildConfiguration;
			buildSettings = {
				PRODUCT_NAME = "$(TARGET_NAME)";
			};
			name = Debug;
		};
		570C3CF31B9F9A1700A1BDA6 /* Release */ = {
			isa = XCBuildConfiguration;
			buildSettings = {
				PRODUCT_NAME = "$(TARGET_NAME)";
			};
			name = Release;
		};
/* End XCBuildConfiguration section */

/* Begin XCConfigurationList section */
		570C3CE51B9F9A1700A1BDA6 /* Build configuration list for PBXProject "ee569_hw1_p1.3" */ = {
			isa = XCConfigurationList;
			buildConfigurations = (
				570C3CEF1B9F9A1700A1BDA6 /* Debug */,
				570C3CF01B9F9A1700A1BDA6 /* Release */,
			);
			defaultConfigurationIsVisible = 0;
			defaultConfigurationName = Release;
		};
		570C3CF11B9F9A1700A1BDA6 /* Build configuration list for PBXNativeTarget "ee569_hw1_p1.3" */ = {
			isa = XCConfigurationList;
			buildConfigurations = (
				570C3CF21B9F9A1700A1BDA6 /* Debug */,
				570C3CF31B9F9A1700A1BDA6 /* Release */,
			);
			defaultConfigurationIsVisible = 0;
		};
/* End XCConfigurationList section */
	};
	rootObject = 570C3CE21B9F9A1700A1BDA6 /* Project object */;
}
