// !$*UTF8*$!
{
	archiveVersion = 1;
	classes = {
	};
	objectVersion = 46;
	objects = {

/* Begin PBXBuildFile section */
		574A95BB1BA4DFBF001D0C8D /* QuantizeRGB.cpp in Sources */ = {isa = PBXBuildFile; fileRef = 574A95BA1BA4DFBF001D0C8D /* QuantizeRGB.cpp */; };
/* End PBXBuildFile section */

/* Begin PBXCopyFilesBuildPhase section */
		574A95B51BA4DFBF001D0C8D /* CopyFiles */ = {
			isa = PBXCopyFilesBuildPhase;
			buildActionMask = 2147483647;
			dstPath = /usr/share/man/man1/;
			dstSubfolderSpec = 0;
			files = (
			);
			runOnlyForDeploymentPostprocessing = 1;
		};
/* End PBXCopyFilesBuildPhase section */

/* Begin PBXFileReference section */
		574A95B71BA4DFBF001D0C8D /* ee569_hw1_p2.2 */ = {isa = PBXFileReference; explicitFileType = "compiled.mach-o.executable"; includeInIndex = 0; path = ee569_hw1_p2.2; sourceTree = BUILT_PRODUCTS_DIR; };
		574A95BA1BA4DFBF001D0C8D /* QuantizeRGB.cpp */ = {isa = PBXFileReference; lastKnownFileType = sourcecode.cpp.cpp; path = QuantizeRGB.cpp; sourceTree = "<group>"; };
/* End PBXFileReference section */

/* Begin PBXFrameworksBuildPhase section */
		574A95B41BA4DFBF001D0C8D /* Frameworks */ = {
			isa = PBXFrameworksBuildPhase;
			buildActionMask = 2147483647;
			files = (
			);
			runOnlyForDeploymentPostprocessing = 0;
		};
/* End PBXFrameworksBuildPhase section */

/* Begin PBXGroup section */
		574A95AE1BA4DFBF001D0C8D = {
			isa = PBXGroup;
			children = (
				574A95BA1BA4DFBF001D0C8D /* QuantizeRGB.cpp */,
				574A95B81BA4DFBF001D0C8D /* Products */,
			);
			sourceTree = "<group>";
		};
		574A95B81BA4DFBF001D0C8D /* Products */ = {
			isa = PBXGroup;
			children = (
				574A95B71BA4DFBF001D0C8D /* ee569_hw1_p2.2 */,
			);
			name = Products;
			sourceTree = "<group>";
		};
/* End PBXGroup section */

/* Begin PBXNativeTarget section */
		574A95B61BA4DFBF001D0C8D /* ee569_hw1_p2.2 */ = {
			isa = PBXNativeTarget;
			buildConfigurationList = 574A95BE1BA4DFBF001D0C8D /* Build configuration list for PBXNativeTarget "ee569_hw1_p2.2" */;
			buildPhases = (
				574A95B31BA4DFBF001D0C8D /* Sources */,
				574A95B41BA4DFBF001D0C8D /* Frameworks */,
				574A95B51BA4DFBF001D0C8D /* CopyFiles */,
			);
			buildRules = (
			);
			dependencies = (
			);
			name = ee569_hw1_p2.2;
			productName = ee569_hw1_p2.2;
			productReference = 574A95B71BA4DFBF001D0C8D /* ee569_hw1_p2.2 */;
			productType = "com.apple.product-type.tool";
		};
/* End PBXNativeTarget section */

/* Begin PBXProject section */
		574A95AF1BA4DFBF001D0C8D /* Project object */ = {
			isa = PBXProject;
			attributes = {
				LastUpgradeCheck = 0620;
				ORGANIZATIONNAME = USC;
				TargetAttributes = {
					574A95B61BA4DFBF001D0C8D = {
						CreatedOnToolsVersion = 6.2;
					};
				};
			};
			buildConfigurationList = 574A95B21BA4DFBF001D0C8D /* Build configuration list for PBXProject "ee569_hw1_p2.2" */;
			compatibilityVersion = "Xcode 3.2";
			developmentRegion = English;
			hasScannedForEncodings = 0;
			knownRegions = (
				en,
			);
			mainGroup = 574A95AE1BA4DFBF001D0C8D;
			productRefGroup = 574A95B81BA4DFBF001D0C8D /* Products */;
			projectDirPath = "";
			projectRoot = "";
			targets = (
				574A95B61BA4DFBF001D0C8D /* ee569_hw1_p2.2 */,
			);
		};
/* End PBXProject section */

/* Begin PBXSourcesBuildPhase section */
		574A95B31BA4DFBF001D0C8D /* Sources */ = {
			isa = PBXSourcesBuildPhase;
			buildActionMask = 2147483647;
			files = (
				574A95BB1BA4DFBF001D0C8D /* QuantizeRGB.cpp in Sources */,
			);
			runOnlyForDeploymentPostprocessing = 0;
		};
/* End PBXSourcesBuildPhase section */

/* Begin XCBuildConfiguration section */
		574A95BC1BA4DFBF001D0C8D /* Debug */ = {
			isa = XCBuildConfiguration;
			buildSettings = {
				ALWAYS_SEARCH_USER_PATHS = NO;
				CLANG_CXX_LANGUAGE_STANDARD = "gnu++0x";
				CLANG_CXX_LIBRARY = "libc++";
				CLANG_ENABLE_MODULES = YES;
				CLANG_ENABLE_OBJC_ARC = YES;
				CLANG_WARN_BOOL_CONVERSION = YES;
				CLANG_WARN_CONSTANT_CONVERSION = YES;
				CLANG_WARN_DIRECT_OBJC_ISA_USAGE = YES_ERROR;
				CLANG_WARN_EMPTY_BODY = YES;
				CLANG_WARN_ENUM_CONVERSION = YES;
				CLANG_WARN_INT_CONVERSION = YES;
				CLANG_WARN_OBJC_ROOT_CLASS = YES_ERROR;
				CLANG_WARN_UNREACHABLE_CODE = YES;
				CLANG_WARN__DUPLICATE_METHOD_MATCH = YES;
				COPY_PHASE_STRIP = NO;
				ENABLE_STRICT_OBJC_MSGSEND = YES;
				GCC_C_LANGUAGE_STANDARD = gnu99;
				GCC_DYNAMIC_NO_PIC = NO;
				GCC_OPTIMIZATION_LEVEL = 0;
				GCC_PREPROCESSOR_DEFINITIONS = (
					"DEBUG=1",
					"$(inherited)",
				);
				GCC_SYMBOLS_PRIVATE_EXTERN = NO;
				GCC_WARN_64_TO_32_BIT_CONVERSION = YES;
				GCC_WARN_ABOUT_RETURN_TYPE = YES_ERROR;
				GCC_WARN_UNDECLARED_SELECTOR = YES;
				GCC_WARN_UNINITIALIZED_AUTOS = YES_AGGRESSIVE;
				GCC_WARN_UNUSED_FUNCTION = YES;
				GCC_WARN_UNUSED_VARIABLE = YES;
				MACOSX_DEPLOYMENT_TARGET = 10.9;
				MTL_ENABLE_DEBUG_INFO = YES;
				ONLY_ACTIVE_ARCH = YES;
				SDKROOT = macosx;
			};
			name = Debug;
		};
		574A95BD1BA4DFBF001D0C8D /* Release */ = {
			isa = XCBuildConfiguration;
			buildSettings = {
				ALWAYS_SEARCH_USER_PATHS = NO;
				CLANG_CXX_LANGUAGE_STANDARD = "gnu++0x";
				CLANG_CXX_LIBRARY = "libc++";
				CLANG_ENABLE_MODULES = YES;
				CLANG_ENABLE_OBJC_ARC = YES;
				CLANG_WARN_BOOL_CONVERSION = YES;
				CLANG_WARN_CONSTANT_CONVERSION = YES;
				CLANG_WARN_DIRECT_OBJC_ISA_USAGE = YES_ERROR;
				CLANG_WARN_EMPTY_BODY = YES;
				CLANG_WARN_ENUM_CONVERSION = YES;
				CLANG_WARN_INT_CONVERSION = YES;
				CLANG_WARN_OBJC_ROOT_CLASS = YES_ERROR;
				CLANG_WARN_UNREACHABLE_CODE = YES;
				CLANG_WARN__DUPLICATE_METHOD_MATCH = YES;
				COPY_PHASE_STRIP = NO;
				DEBUG_INFORMATION_FORMAT = "dwarf-with-dsym";
				ENABLE_NS_ASSERTIONS = NO;
				ENABLE_STRICT_OBJC_MSGSEND = YES;
				GCC_C_LANGUAGE_STANDARD = gnu99;
				GCC_WARN_64_TO_32_BIT_CONVERSION = YES;
				GCC_WARN_ABOUT_RETURN_TYPE = YES_ERROR;
				GCC_WARN_UNDECLARED_SELECTOR = YES;
				GCC_WARN_UNINITIALIZED_AUTOS = YES_AGGRESSIVE;
				GCC_WARN_UNUSED_FUNCTION = YES;
				GCC_WARN_UNUSED_VARIABLE = YES;
				MACOSX_DEPLOYMENT_TARGET = 10.9;
				MTL_ENABLE_DEBUG_INFO = NO;
				SDKROOT = macosx;
			};
			name = Release;
		};
		574A95BF1BA4DFBF001D0C8D /* Debug */ = {
			isa = XCBuildConfiguration;
			buildSettings = {
				PRODUCT_NAME = "$(TARGET_NAME)";
			};
			name = Debug;
		};
		574A95C01BA4DFBF001D0C8D /* Release */ = {
			isa = XCBuildConfiguration;
			buildSettings = {
				PRODUCT_NAME = "$(TARGET_NAME)";
			};
			name = Release;
		};
/* End XCBuildConfiguration section */

/* Begin XCConfigurationList section */
		574A95B21BA4DFBF001D0C8D /* Build configuration list for PBXProject "ee569_hw1_p2.2" */ = {
			isa = XCConfigurationList;
			buildConfigurations = (
				574A95BC1BA4DFBF001D0C8D /* Debug */,
				574A95BD1BA4DFBF001D0C8D /* Release */,
			);
			defaultConfigurationIsVisible = 0;
			defaultConfigurationName = Release;
		};
		574A95BE1BA4DFBF001D0C8D /* Build configuration list for PBXNativeTarget "ee569_hw1_p2.2" */ = {
			isa = XCConfigurationList;
			buildConfigurations = (
				574A95BF1BA4DFBF001D0C8D /* Debug */,
				574A95C01BA4DFBF001D0C8D /* Release */,
			);
			defaultConfigurationIsVisible = 0;
			defaultConfigurationName = Release;
		};
/* End XCConfigurationList section */
	};
	rootObject = 574A95AF1BA4DFBF001D0C8D /* Project object */;
}
